
Microsoft Visual Studio Solution File, Format Version 12.00
# Visual Studio Version 17
VisualStudioVersion = 17.12.35728.132
MinimumVisualStudioVersion = 10.0.40219.1
Project("{FAE04EC0-301F-11D3-BF4B-00C04F79EFBC}") = "Creams Macro Protocol", "Creams Macro Protocol\Creams Macro Protocol.csproj", "{D67C46CE-D710-46D1-A4B0-6DA229059E1B}"
EndProject
Project("{FAE04EC0-301F-11D3-BF4B-00C04F79EFBC}") = "MacroPadDriver", "ConsoleApp1\MacroPadDriver.csproj", "{66D7F5A3-55F5-0E6F-F5F0-E8AB6E479F04}"
EndProject
Global
	GlobalSection(SolutionConfigurationPlatforms) = preSolution
		Debug|Any CPU = Debug|Any CPU
		Release|Any CPU = Release|Any CPU
	EndGlobalSection
	GlobalSection(ProjectConfigurationPlatforms) = postSolution
		{D67C46CE-D710-46D1-A4B0-6DA229059E1B}.Debug|Any CPU.ActiveCfg = Debug|Any CPU
		{D67C46CE-D710-46D1-A4B0-6DA229059E1B}.Debug|Any CPU.Build.0 = Debug|Any CPU
		{D67C46CE-D710-46D1-A4B0-6DA229059E1B}.Release|Any CPU.ActiveCfg = Release|Any CPU
		{D67C46CE-D710-46D1-A4B0-6DA229059E1B}.Release|Any CPU.Build.0 = Release|Any CPU
		{66D7F5A3-55F5-0E6F-F5F0-E8AB6E479F04}.Debug|Any CPU.ActiveCfg = Debug|Any CPU
		{66D7F5A3-55F5-0E6F-F5F0-E8AB6E479F04}.Debug|Any CPU.Build.0 = Debug|Any CPU
		{66D7F5A3-55F5-0E6F-F5F0-E8AB6E479F04}.Release|Any CPU.ActiveCfg = Release|Any CPU
		{66D7F5A3-55F5-0E6F-F5F0-E8AB6E479F04}.Release|Any CPU.Build.0 = Release|Any CPU
	EndGlobalSection
	GlobalSection(SolutionProperties) = preSolution
		HideSolutionNode = FALSE
	EndGlobalSection
	GlobalSection(ExtensibilityGlobals) = postSolution
		SolutionGuid = {A9CBCF5A-A3C5-45F9-AC61-B0514EB9CA16}
	EndGlobalSection
EndGlobal
